
Microsoft Visual Studio Solution File, Format Version 12.00
# Visual Studio Version 17
VisualStudioVersion = 17.11.35219.272
MinimumVisualStudioVersion = 10.0.40219.1
Project("{FAE04EC0-301F-11D3-BF4B-00C04F79EFBC}") = "myParams", "myParams\myParams.csproj", "{CDB26A96-E295-4C54-AEDE-8D44BE2BC15D}"
EndProject
Global
	GlobalSection(SolutionConfigurationPlatforms) = preSolution
		Debug|Any CPU = Debug|Any CPU
		Release|Any CPU = Release|Any CPU
	EndGlobalSection
	GlobalSection(ProjectConfigurationPlatforms) = postSolution
		{CDB26A96-E295-4C54-AEDE-8D44BE2BC15D}.Debug|Any CPU.ActiveCfg = Debug|Any CPU
		{CDB26A96-E295-4C54-AEDE-8D44BE2BC15D}.Debug|Any CPU.Build.0 = Debug|Any CPU
		{CDB26A96-E295-4C54-AEDE-8D44BE2BC15D}.Release|Any CPU.ActiveCfg = Release|Any CPU
		{CDB26A96-E295-4C54-AEDE-8D44BE2BC15D}.Release|Any CPU.Build.0 = Release|Any CPU
	EndGlobalSection
	GlobalSection(SolutionProperties) = preSolution
		HideSolutionNode = FALSE
	EndGlobalSection
	GlobalSection(ExtensibilityGlobals) = postSolution
		SolutionGuid = {D06EAB18-AFD3-4F88-AA42-8FAD14A4E5DC}
	EndGlobalSection
EndGlobal
